
Microsoft Visual Studio Solution File, Format Version 12.00
# Visual Studio Version 17
VisualStudioVersion = 17.6.33815.320
MinimumVisualStudioVersion = 10.0.40219.1
Project("{FAE04EC0-301F-11D3-BF4B-00C04F79EFBC}") = "Part 5 - Decision Structures Assignments", "Part 5 - Decision Structures Assignments.csproj", "{6E54162D-9813-4E12-8983-D753C88E0AC6}"
EndProject
Global
	GlobalSection(SolutionConfigurationPlatforms) = preSolution
		Debug|Any CPU = Debug|Any CPU
		Release|Any CPU = Release|Any CPU
	EndGlobalSection
	GlobalSection(ProjectConfigurationPlatforms) = postSolution
		{6E54162D-9813-4E12-8983-D753C88E0AC6}.Debug|Any CPU.ActiveCfg = Debug|Any CPU
		{6E54162D-9813-4E12-8983-D753C88E0AC6}.Debug|Any CPU.Build.0 = Debug|Any CPU
		{6E54162D-9813-4E12-8983-D753C88E0AC6}.Release|Any CPU.ActiveCfg = Release|Any CPU
		{6E54162D-9813-4E12-8983-D753C88E0AC6}.Release|Any CPU.Build.0 = Release|Any CPU
	EndGlobalSection
	GlobalSection(SolutionProperties) = preSolution
		HideSolutionNode = FALSE
	EndGlobalSection
	GlobalSection(ExtensibilityGlobals) = postSolution
		SolutionGuid = {03600214-D1A7-4ABF-A92C-7B09FD55F8C7}
	EndGlobalSection
EndGlobal
